
Microsoft Visual Studio Solution File, Format Version 12.00
# Visual Studio 15
VisualStudioVersion = 15.0.26403.7
MinimumVisualStudioVersion = 10.0.40219.1
Project("{9A19103F-16F7-4668-BE54-9A1E7A4F7556}") = "webApi.template", "webApi.template\webApi.template.csproj", "{CF439484-D527-4DA6-9B18-4E92993CF22D}"
EndProject
Project("{FAE04EC0-301F-11D3-BF4B-00C04F79EFBC}") = "webApi.template.tests", "Tests\webApi.template.tests\webApi.template.tests.csproj", "{0BF5C6E4-1D5B-4822-8459-5A19E642E1C9}"
EndProject
Project("{FAE04EC0-301F-11D3-BF4B-00C04F79EFBC}") = "webApi.ClientAPI", "webApi.ClientAPI\webApi.ClientAPI.csproj", "{A6C054A2-4676-43B9-B526-4915A15DD5F1}"
EndProject
Global
	GlobalSection(SolutionConfigurationPlatforms) = preSolution
		Debug|Any CPU = Debug|Any CPU
		Release|Any CPU = Release|Any CPU
	EndGlobalSection
	GlobalSection(ProjectConfigurationPlatforms) = postSolution
		{CF439484-D527-4DA6-9B18-4E92993CF22D}.Debug|Any CPU.ActiveCfg = Debug|Any CPU
		{CF439484-D527-4DA6-9B18-4E92993CF22D}.Debug|Any CPU.Build.0 = Debug|Any CPU
		{CF439484-D527-4DA6-9B18-4E92993CF22D}.Release|Any CPU.ActiveCfg = Release|Any CPU
		{CF439484-D527-4DA6-9B18-4E92993CF22D}.Release|Any CPU.Build.0 = Release|Any CPU
		{0BF5C6E4-1D5B-4822-8459-5A19E642E1C9}.Debug|Any CPU.ActiveCfg = Debug|Any CPU
		{0BF5C6E4-1D5B-4822-8459-5A19E642E1C9}.Debug|Any CPU.Build.0 = Debug|Any CPU
		{0BF5C6E4-1D5B-4822-8459-5A19E642E1C9}.Release|Any CPU.ActiveCfg = Release|Any CPU
		{0BF5C6E4-1D5B-4822-8459-5A19E642E1C9}.Release|Any CPU.Build.0 = Release|Any CPU
		{A6C054A2-4676-43B9-B526-4915A15DD5F1}.Debug|Any CPU.ActiveCfg = Debug|Any CPU
		{A6C054A2-4676-43B9-B526-4915A15DD5F1}.Debug|Any CPU.Build.0 = Debug|Any CPU
		{A6C054A2-4676-43B9-B526-4915A15DD5F1}.Release|Any CPU.ActiveCfg = Release|Any CPU
		{A6C054A2-4676-43B9-B526-4915A15DD5F1}.Release|Any CPU.Build.0 = Release|Any CPU
	EndGlobalSection
	GlobalSection(SolutionProperties) = preSolution
		HideSolutionNode = FALSE
	EndGlobalSection
EndGlobal
